// !$*UTF8*$!
{
	archiveVersion = 1;
	classes = {
	};
	objectVersion = 50;
	objects = {

/* Begin PBXBuildFile section */
		8F4FEF7626A84B0B00F1B76F /* AppDelegate.swift in Sources */ = {isa = PBXBuildFile; fileRef = 8F4FEF7526A84B0B00F1B76F /* AppDelegate.swift */; };
		8F4FEF7826A84B0B00F1B76F /* SceneDelegate.swift in Sources */ = {isa = PBXBuildFile; fileRef = 8F4FEF7726A84B0B00F1B76F /* SceneDelegate.swift */; };
		8F4FEF7F26A84B0C00F1B76F /* Assets.xcassets in Resources */ = {isa = PBXBuildFile; fileRef = 8F4FEF7E26A84B0C00F1B76F /* Assets.xcassets */; };
		8F4FEF8226A84B0C00F1B76F /* LaunchScreen.storyboard in Resources */ = {isa = PBXBuildFile; fileRef = 8F4FEF8026A84B0C00F1B76F /* LaunchScreen.storyboard */; };
		8F4FEF8C26A86CC400F1B76F /* FileManagerService.swift in Sources */ = {isa = PBXBuildFile; fileRef = 8F4FEF8B26A86CC400F1B76F /* FileManagerService.swift */; };
		8F4FEF9126A8710100F1B76F /* ZipCode.swift in Sources */ = {isa = PBXBuildFile; fileRef = 8F4FEF9026A8710100F1B76F /* ZipCode.swift */; };
		8F4FEF9326A87A7800F1B76F /* CSVParserService.swift in Sources */ = {isa = PBXBuildFile; fileRef = 8F4FEF9226A87A7800F1B76F /* CSVParserService.swift */; };
		8F4FEF9526A884B700F1B76F /* ZipCpdeViewModel.swift in Sources */ = {isa = PBXBuildFile; fileRef = 8F4FEF9426A884B700F1B76F /* ZipCpdeViewModel.swift */; };
		8F4FEF9726A8864800F1B76F /* NetworkService.swift in Sources */ = {isa = PBXBuildFile; fileRef = 8F4FEF9626A8864800F1B76F /* NetworkService.swift */; };
		8F4FEF9C26A88E5F00F1B76F /* Bindable.swift in Sources */ = {isa = PBXBuildFile; fileRef = 8F4FEF9B26A88E5F00F1B76F /* Bindable.swift */; };
		8F4FEF9E26A890EB00F1B76F /* ZipCodeTableViewController.swift in Sources */ = {isa = PBXBuildFile; fileRef = 8F4FEF9D26A890EB00F1B76F /* ZipCodeTableViewController.swift */; };
		8F4FEFA326A8931900F1B76F /* ZipCodeTableViewCell.swift in Sources */ = {isa = PBXBuildFile; fileRef = 8F4FEFA226A8931900F1B76F /* ZipCodeTableViewCell.swift */; };
		8F4FEFA526A893BD00F1B76F /* UITableView+Ext.swift in Sources */ = {isa = PBXBuildFile; fileRef = 8F4FEFA426A893BD00F1B76F /* UITableView+Ext.swift */; };
		8F4FEFA726A8A01600F1B76F /* Constants.swift in Sources */ = {isa = PBXBuildFile; fileRef = 8F4FEFA626A8A01600F1B76F /* Constants.swift */; };
		8F4FEFA926A8DEF900F1B76F /* TabBarController.swift in Sources */ = {isa = PBXBuildFile; fileRef = 8F4FEFA826A8DEF900F1B76F /* TabBarController.swift */; };
		8F4FEFAB26A8E26200F1B76F /* ArticlesTableViewController.swift in Sources */ = {isa = PBXBuildFile; fileRef = 8F4FEFAA26A8E26200F1B76F /* ArticlesTableViewController.swift */; };
		8F563FE826AB2147008FA698 /* FormViewModel.swift in Sources */ = {isa = PBXBuildFile; fileRef = 8FD8B3D326AAC361004740A5 /* FormViewModel.swift */; };
		8F563FE926AB2147008FA698 /* AppDelegate.swift in Sources */ = {isa = PBXBuildFile; fileRef = 8F4FEF7526A84B0B00F1B76F /* AppDelegate.swift */; };
		8F563FEA26AB2147008FA698 /* Articles.swift in Sources */ = {isa = PBXBuildFile; fileRef = 8FD8B3BB26A9A1C5004740A5 /* Articles.swift */; };
		8F563FEB26AB2147008FA698 /* TabBarController.swift in Sources */ = {isa = PBXBuildFile; fileRef = 8F4FEFA826A8DEF900F1B76F /* TabBarController.swift */; };
		8F563FEC26AB2147008FA698 /* SceneDelegate.swift in Sources */ = {isa = PBXBuildFile; fileRef = 8F4FEF7726A84B0B00F1B76F /* SceneDelegate.swift */; };
		8F563FED26AB2147008FA698 /* ZipCode.swift in Sources */ = {isa = PBXBuildFile; fileRef = 8F4FEF9026A8710100F1B76F /* ZipCode.swift */; };
		8F563FEE26AB2147008FA698 /* ArticlesViewModel.swift in Sources */ = {isa = PBXBuildFile; fileRef = 8FD8B3BD26A9A2DB004740A5 /* ArticlesViewModel.swift */; };
		8F563FEF26AB2147008FA698 /* FormViewController.swift in Sources */ = {isa = PBXBuildFile; fileRef = 8FD8B3CD26A9F024004740A5 /* FormViewController.swift */; };
		8F563FF026AB2147008FA698 /* UIImageView+Ext.swift in Sources */ = {isa = PBXBuildFile; fileRef = 8FD8B3C726A9D47C004740A5 /* UIImageView+Ext.swift */; };
		8F563FF126AB2147008FA698 /* ZipCodeTableViewCell.swift in Sources */ = {isa = PBXBuildFile; fileRef = 8F4FEFA226A8931900F1B76F /* ZipCodeTableViewCell.swift */; };
		8F563FF226AB2147008FA698 /* FileManagerService.swift in Sources */ = {isa = PBXBuildFile; fileRef = 8F4FEF8B26A86CC400F1B76F /* FileManagerService.swift */; };
		8F563FF326AB2147008FA698 /* ArticlesTableViewController.swift in Sources */ = {isa = PBXBuildFile; fileRef = 8F4FEFAA26A8E26200F1B76F /* ArticlesTableViewController.swift */; };
		8F563FF426AB2147008FA698 /* TextFieldView.swift in Sources */ = {isa = PBXBuildFile; fileRef = 8FD8B3CF26A9F776004740A5 /* TextFieldView.swift */; };
		8F563FF526AB2147008FA698 /* ZipCpdeViewModel.swift in Sources */ = {isa = PBXBuildFile; fileRef = 8F4FEF9426A884B700F1B76F /* ZipCpdeViewModel.swift */; };
		8F563FF626AB2147008FA698 /* ArticleDetailTableViewController.swift in Sources */ = {isa = PBXBuildFile; fileRef = 8FD8B3C326A9D033004740A5 /* ArticleDetailTableViewController.swift */; };
		8F563FF726AB2147008FA698 /* ArticleTableViewCell.swift in Sources */ = {isa = PBXBuildFile; fileRef = 8FD8B3BF26A9A5F4004740A5 /* ArticleTableViewCell.swift */; };
		8F563FF826AB2147008FA698 /* NetworkService.swift in Sources */ = {isa = PBXBuildFile; fileRef = 8F4FEF9626A8864800F1B76F /* NetworkService.swift */; };
		8F563FF926AB2147008FA698 /* CSVParserService.swift in Sources */ = {isa = PBXBuildFile; fileRef = 8F4FEF9226A87A7800F1B76F /* CSVParserService.swift */; };
		8F563FFA26AB2147008FA698 /* ArticleDetailTableViewCell.swift in Sources */ = {isa = PBXBuildFile; fileRef = 8FD8B3C526A9D220004740A5 /* ArticleDetailTableViewCell.swift */; };
		8F563FFB26AB2147008FA698 /* UITableView+Ext.swift in Sources */ = {isa = PBXBuildFile; fileRef = 8F4FEFA426A893BD00F1B76F /* UITableView+Ext.swift */; };
		8F563FFC26AB2147008FA698 /* String+Ext.swift in Sources */ = {isa = PBXBuildFile; fileRef = 8FD8B3C926A9E5C2004740A5 /* String+Ext.swift */; };
		8F563FFD26AB2147008FA698 /* ZipCodeTableViewController.swift in Sources */ = {isa = PBXBuildFile; fileRef = 8F4FEF9D26A890EB00F1B76F /* ZipCodeTableViewController.swift */; };
		8F563FFE26AB2147008FA698 /* Bindable.swift in Sources */ = {isa = PBXBuildFile; fileRef = 8F4FEF9B26A88E5F00F1B76F /* Bindable.swift */; };
		8F563FFF26AB2147008FA698 /* Constants.swift in Sources */ = {isa = PBXBuildFile; fileRef = 8F4FEFA626A8A01600F1B76F /* Constants.swift */; };
		8F56400026AB2147008FA698 /* StretchyHeaderView.swift in Sources */ = {isa = PBXBuildFile; fileRef = 8FD8B3C126A9CE3E004740A5 /* StretchyHeaderView.swift */; };
		8F56400326AB2147008FA698 /* LaunchScreen.storyboard in Resources */ = {isa = PBXBuildFile; fileRef = 8F4FEF8026A84B0C00F1B76F /* LaunchScreen.storyboard */; };
		8F56400426AB2147008FA698 /* Assets.xcassets in Resources */ = {isa = PBXBuildFile; fileRef = 8F4FEF7E26A84B0C00F1B76F /* Assets.xcassets */; };
		8F56400B26AB250D008FA698 /* Endpoint.swift in Sources */ = {isa = PBXBuildFile; fileRef = 8F56400A26AB250D008FA698 /* Endpoint.swift */; };
		8F56400C26AB250D008FA698 /* Endpoint.swift in Sources */ = {isa = PBXBuildFile; fileRef = 8F56400A26AB250D008FA698 /* Endpoint.swift */; };
		8F56400E26AB3B95008FA698 /* ArticleDetailViewModel.swift in Sources */ = {isa = PBXBuildFile; fileRef = 8F56400D26AB3B95008FA698 /* ArticleDetailViewModel.swift */; };
		8F56400F26AB3B95008FA698 /* ArticleDetailViewModel.swift in Sources */ = {isa = PBXBuildFile; fileRef = 8F56400D26AB3B95008FA698 /* ArticleDetailViewModel.swift */; };
		8F56401126AB3C08008FA698 /* Comment.swift in Sources */ = {isa = PBXBuildFile; fileRef = 8F56401026AB3C08008FA698 /* Comment.swift */; };
		8F56401226AB3C08008FA698 /* Comment.swift in Sources */ = {isa = PBXBuildFile; fileRef = 8F56401026AB3C08008FA698 /* Comment.swift */; };
		8F56401426AB3E35008FA698 /* CommentsTableViewCell.swift in Sources */ = {isa = PBXBuildFile; fileRef = 8F56401326AB3E35008FA698 /* CommentsTableViewCell.swift */; };
		8F56401526AB3E35008FA698 /* CommentsTableViewCell.swift in Sources */ = {isa = PBXBuildFile; fileRef = 8F56401326AB3E35008FA698 /* CommentsTableViewCell.swift */; };
		8FD8B3BC26A9A1C5004740A5 /* Articles.swift in Sources */ = {isa = PBXBuildFile; fileRef = 8FD8B3BB26A9A1C5004740A5 /* Articles.swift */; };
		8FD8B3BE26A9A2DB004740A5 /* ArticlesViewModel.swift in Sources */ = {isa = PBXBuildFile; fileRef = 8FD8B3BD26A9A2DB004740A5 /* ArticlesViewModel.swift */; };
		8FD8B3C026A9A5F4004740A5 /* ArticleTableViewCell.swift in Sources */ = {isa = PBXBuildFile; fileRef = 8FD8B3BF26A9A5F4004740A5 /* ArticleTableViewCell.swift */; };
		8FD8B3C226A9CE3E004740A5 /* StretchyHeaderView.swift in Sources */ = {isa = PBXBuildFile; fileRef = 8FD8B3C126A9CE3E004740A5 /* StretchyHeaderView.swift */; };
		8FD8B3C426A9D033004740A5 /* ArticleDetailTableViewController.swift in Sources */ = {isa = PBXBuildFile; fileRef = 8FD8B3C326A9D033004740A5 /* ArticleDetailTableViewController.swift */; };
		8FD8B3C626A9D220004740A5 /* ArticleDetailTableViewCell.swift in Sources */ = {isa = PBXBuildFile; fileRef = 8FD8B3C526A9D220004740A5 /* ArticleDetailTableViewCell.swift */; };
		8FD8B3C826A9D47D004740A5 /* UIImageView+Ext.swift in Sources */ = {isa = PBXBuildFile; fileRef = 8FD8B3C726A9D47C004740A5 /* UIImageView+Ext.swift */; };
		8FD8B3CA26A9E5C2004740A5 /* String+Ext.swift in Sources */ = {isa = PBXBuildFile; fileRef = 8FD8B3C926A9E5C2004740A5 /* String+Ext.swift */; };
		8FD8B3CE26A9F024004740A5 /* FormViewController.swift in Sources */ = {isa = PBXBuildFile; fileRef = 8FD8B3CD26A9F024004740A5 /* FormViewController.swift */; };
		8FD8B3D026A9F776004740A5 /* TextFieldView.swift in Sources */ = {isa = PBXBuildFile; fileRef = 8FD8B3CF26A9F776004740A5 /* TextFieldView.swift */; };
		8FD8B3D426AAC361004740A5 /* FormViewModel.swift in Sources */ = {isa = PBXBuildFile; fileRef = 8FD8B3D326AAC361004740A5 /* FormViewModel.swift */; };
/* End PBXBuildFile section */

/* Begin PBXFileReference section */
		8F4FEF7226A84B0B00F1B76F /* WTest-Primary.app */ = {isa = PBXFileReference; explicitFileType = wrapper.application; includeInIndex = 0; path = "WTest-Primary.app"; sourceTree = BUILT_PRODUCTS_DIR; };
		8F4FEF7526A84B0B00F1B76F /* AppDelegate.swift */ = {isa = PBXFileReference; lastKnownFileType = sourcecode.swift; path = AppDelegate.swift; sourceTree = "<group>"; };
		8F4FEF7726A84B0B00F1B76F /* SceneDelegate.swift */ = {isa = PBXFileReference; lastKnownFileType = sourcecode.swift; path = SceneDelegate.swift; sourceTree = "<group>"; };
		8F4FEF7E26A84B0C00F1B76F /* Assets.xcassets */ = {isa = PBXFileReference; lastKnownFileType = folder.assetcatalog; path = Assets.xcassets; sourceTree = "<group>"; };
		8F4FEF8126A84B0C00F1B76F /* Base */ = {isa = PBXFileReference; lastKnownFileType = file.storyboard; name = Base; path = Base.lproj/LaunchScreen.storyboard; sourceTree = "<group>"; };
		8F4FEF8326A84B0C00F1B76F /* Info.plist */ = {isa = PBXFileReference; lastKnownFileType = text.plist.xml; name = Info.plist; path = WTest/Info.plist; sourceTree = SOURCE_ROOT; };
		8F4FEF8B26A86CC400F1B76F /* FileManagerService.swift */ = {isa = PBXFileReference; lastKnownFileType = sourcecode.swift; path = FileManagerService.swift; sourceTree = "<group>"; };
		8F4FEF9026A8710100F1B76F /* ZipCode.swift */ = {isa = PBXFileReference; lastKnownFileType = sourcecode.swift; path = ZipCode.swift; sourceTree = "<group>"; };
		8F4FEF9226A87A7800F1B76F /* CSVParserService.swift */ = {isa = PBXFileReference; lastKnownFileType = sourcecode.swift; path = CSVParserService.swift; sourceTree = "<group>"; };
		8F4FEF9426A884B700F1B76F /* ZipCpdeViewModel.swift */ = {isa = PBXFileReference; lastKnownFileType = sourcecode.swift; path = ZipCpdeViewModel.swift; sourceTree = "<group>"; };
		8F4FEF9626A8864800F1B76F /* NetworkService.swift */ = {isa = PBXFileReference; lastKnownFileType = sourcecode.swift; path = NetworkService.swift; sourceTree = "<group>"; };
		8F4FEF9B26A88E5F00F1B76F /* Bindable.swift */ = {isa = PBXFileReference; lastKnownFileType = sourcecode.swift; path = Bindable.swift; sourceTree = "<group>"; };
		8F4FEF9D26A890EB00F1B76F /* ZipCodeTableViewController.swift */ = {isa = PBXFileReference; lastKnownFileType = sourcecode.swift; path = ZipCodeTableViewController.swift; sourceTree = "<group>"; };
		8F4FEFA226A8931900F1B76F /* ZipCodeTableViewCell.swift */ = {isa = PBXFileReference; lastKnownFileType = sourcecode.swift; path = ZipCodeTableViewCell.swift; sourceTree = "<group>"; };
		8F4FEFA426A893BD00F1B76F /* UITableView+Ext.swift */ = {isa = PBXFileReference; lastKnownFileType = sourcecode.swift; path = "UITableView+Ext.swift"; sourceTree = "<group>"; };
		8F4FEFA626A8A01600F1B76F /* Constants.swift */ = {isa = PBXFileReference; lastKnownFileType = sourcecode.swift; path = Constants.swift; sourceTree = "<group>"; };
		8F4FEFA826A8DEF900F1B76F /* TabBarController.swift */ = {isa = PBXFileReference; lastKnownFileType = sourcecode.swift; path = TabBarController.swift; sourceTree = "<group>"; };
		8F4FEFAA26A8E26200F1B76F /* ArticlesTableViewController.swift */ = {isa = PBXFileReference; lastKnownFileType = sourcecode.swift; path = ArticlesTableViewController.swift; sourceTree = "<group>"; };
		8F56400826AB2147008FA698 /* WTest-Secondary.app */ = {isa = PBXFileReference; explicitFileType = wrapper.application; includeInIndex = 0; path = "WTest-Secondary.app"; sourceTree = BUILT_PRODUCTS_DIR; };
		8F56400A26AB250D008FA698 /* Endpoint.swift */ = {isa = PBXFileReference; lastKnownFileType = sourcecode.swift; path = Endpoint.swift; sourceTree = "<group>"; };
		8F56400D26AB3B95008FA698 /* ArticleDetailViewModel.swift */ = {isa = PBXFileReference; lastKnownFileType = sourcecode.swift; path = ArticleDetailViewModel.swift; sourceTree = "<group>"; };
		8F56401026AB3C08008FA698 /* Comment.swift */ = {isa = PBXFileReference; lastKnownFileType = sourcecode.swift; path = Comment.swift; sourceTree = "<group>"; };
		8F56401326AB3E35008FA698 /* CommentsTableViewCell.swift */ = {isa = PBXFileReference; lastKnownFileType = sourcecode.swift; path = CommentsTableViewCell.swift; sourceTree = "<group>"; };
		8FD8B3BB26A9A1C5004740A5 /* Articles.swift */ = {isa = PBXFileReference; lastKnownFileType = sourcecode.swift; path = Articles.swift; sourceTree = "<group>"; };
		8FD8B3BD26A9A2DB004740A5 /* ArticlesViewModel.swift */ = {isa = PBXFileReference; lastKnownFileType = sourcecode.swift; path = ArticlesViewModel.swift; sourceTree = "<group>"; };
		8FD8B3BF26A9A5F4004740A5 /* ArticleTableViewCell.swift */ = {isa = PBXFileReference; lastKnownFileType = sourcecode.swift; path = ArticleTableViewCell.swift; sourceTree = "<group>"; };
		8FD8B3C126A9CE3E004740A5 /* StretchyHeaderView.swift */ = {isa = PBXFileReference; lastKnownFileType = sourcecode.swift; path = StretchyHeaderView.swift; sourceTree = "<group>"; };
		8FD8B3C326A9D033004740A5 /* ArticleDetailTableViewController.swift */ = {isa = PBXFileReference; lastKnownFileType = sourcecode.swift; path = ArticleDetailTableViewController.swift; sourceTree = "<group>"; };
		8FD8B3C526A9D220004740A5 /* ArticleDetailTableViewCell.swift */ = {isa = PBXFileReference; lastKnownFileType = sourcecode.swift; path = ArticleDetailTableViewCell.swift; sourceTree = "<group>"; };
		8FD8B3C726A9D47C004740A5 /* UIImageView+Ext.swift */ = {isa = PBXFileReference; lastKnownFileType = sourcecode.swift; path = "UIImageView+Ext.swift"; sourceTree = "<group>"; };
		8FD8B3C926A9E5C2004740A5 /* String+Ext.swift */ = {isa = PBXFileReference; lastKnownFileType = sourcecode.swift; path = "String+Ext.swift"; sourceTree = "<group>"; };
		8FD8B3CD26A9F024004740A5 /* FormViewController.swift */ = {isa = PBXFileReference; lastKnownFileType = sourcecode.swift; path = FormViewController.swift; sourceTree = "<group>"; };
		8FD8B3CF26A9F776004740A5 /* TextFieldView.swift */ = {isa = PBXFileReference; lastKnownFileType = sourcecode.swift; path = TextFieldView.swift; sourceTree = "<group>"; };
		8FD8B3D326AAC361004740A5 /* FormViewModel.swift */ = {isa = PBXFileReference; lastKnownFileType = sourcecode.swift; path = FormViewModel.swift; sourceTree = "<group>"; };
		8FDBC2AA26AB488A00967796 /* WTest-Secondary-Info.plist */ = {isa = PBXFileReference; fileEncoding = 4; lastKnownFileType = text.plist.xml; name = "WTest-Secondary-Info.plist"; path = "WTest/WTest-Secondary-Info.plist"; sourceTree = SOURCE_ROOT; };
/* End PBXFileReference section */

/* Begin PBXFrameworksBuildPhase section */
		8F4FEF6F26A84B0B00F1B76F /* Frameworks */ = {
			isa = PBXFrameworksBuildPhase;
			buildActionMask = 2147483647;
			files = (
			);
			runOnlyForDeploymentPostprocessing = 0;
		};
		8F56400126AB2147008FA698 /* Frameworks */ = {
			isa = PBXFrameworksBuildPhase;
			buildActionMask = 2147483647;
			files = (
			);
			runOnlyForDeploymentPostprocessing = 0;
		};
/* End PBXFrameworksBuildPhase section */

/* Begin PBXGroup section */
		8F4FEF6926A84B0B00F1B76F = {
			isa = PBXGroup;
			children = (
				8F4FEF7426A84B0B00F1B76F /* WTest */,
				8F4FEF7326A84B0B00F1B76F /* Products */,
			);
			sourceTree = "<group>";
		};
		8F4FEF7326A84B0B00F1B76F /* Products */ = {
			isa = PBXGroup;
			children = (
				8F4FEF7226A84B0B00F1B76F /* WTest-Primary.app */,
				8F56400826AB2147008FA698 /* WTest-Secondary.app */,
			);
			name = Products;
			sourceTree = "<group>";
		};
		8F4FEF7426A84B0B00F1B76F /* WTest */ = {
			isa = PBXGroup;
			children = (
				8F4FEF8926A86C3D00F1B76F /* App */,
				8F4FEF9A26A88E3C00F1B76F /* Utilities */,
				8F4FEF8A26A86C5700F1B76F /* Services */,
				8F4FEF9F26A8915800F1B76F /* Extensions */,
				8F4FEF8D26A8708E00F1B76F /* Models */,
				8F4FEF8E26A8709A00F1B76F /* Views */,
				8F4FEF8F26A870A600F1B76F /* ViewModels */,
				8F4FEF7E26A84B0C00F1B76F /* Assets.xcassets */,
				8F4FEF8026A84B0C00F1B76F /* LaunchScreen.storyboard */,
				8F4FEF8326A84B0C00F1B76F /* Info.plist */,
				8FDBC2AA26AB488A00967796 /* WTest-Secondary-Info.plist */,
			);
			path = WTest;
			sourceTree = "<group>";
		};
		8F4FEF8926A86C3D00F1B76F /* App */ = {
			isa = PBXGroup;
			children = (
				8F4FEF7526A84B0B00F1B76F /* AppDelegate.swift */,
				8F4FEF7726A84B0B00F1B76F /* SceneDelegate.swift */,
			);
			path = App;
			sourceTree = "<group>";
		};
		8F4FEF8A26A86C5700F1B76F /* Services */ = {
			isa = PBXGroup;
			children = (
				8F56400A26AB250D008FA698 /* Endpoint.swift */,
				8F4FEF9626A8864800F1B76F /* NetworkService.swift */,
				8F4FEF8B26A86CC400F1B76F /* FileManagerService.swift */,
				8F4FEF9226A87A7800F1B76F /* CSVParserService.swift */,
			);
			path = Services;
			sourceTree = "<group>";
		};
		8F4FEF8D26A8708E00F1B76F /* Models */ = {
			isa = PBXGroup;
			children = (
				8F4FEF9026A8710100F1B76F /* ZipCode.swift */,
				8FD8B3BB26A9A1C5004740A5 /* Articles.swift */,
				8F56401026AB3C08008FA698 /* Comment.swift */,
			);
			path = Models;
			sourceTree = "<group>";
		};
		8F4FEF8E26A8709A00F1B76F /* Views */ = {
			isa = PBXGroup;
			children = (
				8F4FEF9926A887F000F1B76F /* Components */,
				8F4FEF9826A887E200F1B76F /* Controllers */,
			);
			path = Views;
			sourceTree = "<group>";
		};
		8F4FEF8F26A870A600F1B76F /* ViewModels */ = {
			isa = PBXGroup;
			children = (
				8F4FEF9426A884B700F1B76F /* ZipCpdeViewModel.swift */,
				8FD8B3BD26A9A2DB004740A5 /* ArticlesViewModel.swift */,
				8F56400D26AB3B95008FA698 /* ArticleDetailViewModel.swift */,
				8FD8B3D326AAC361004740A5 /* FormViewModel.swift */,
			);
			path = ViewModels;
			sourceTree = "<group>";
		};
		8F4FEF9826A887E200F1B76F /* Controllers */ = {
			isa = PBXGroup;
			children = (
				8F4FEFA826A8DEF900F1B76F /* TabBarController.swift */,
				8F4FEF9D26A890EB00F1B76F /* ZipCodeTableViewController.swift */,
				8F4FEFAA26A8E26200F1B76F /* ArticlesTableViewController.swift */,
				8FD8B3C326A9D033004740A5 /* ArticleDetailTableViewController.swift */,
				8FD8B3CD26A9F024004740A5 /* FormViewController.swift */,
			);
			path = Controllers;
			sourceTree = "<group>";
		};
		8F4FEF9926A887F000F1B76F /* Components */ = {
			isa = PBXGroup;
			children = (
				8F4FEFA226A8931900F1B76F /* ZipCodeTableViewCell.swift */,
				8FD8B3BF26A9A5F4004740A5 /* ArticleTableViewCell.swift */,
				8FD8B3C526A9D220004740A5 /* ArticleDetailTableViewCell.swift */,
				8F56401326AB3E35008FA698 /* CommentsTableViewCell.swift */,
				8FD8B3C126A9CE3E004740A5 /* StretchyHeaderView.swift */,
				8FD8B3CF26A9F776004740A5 /* TextFieldView.swift */,
			);
			path = Components;
			sourceTree = "<group>";
		};
		8F4FEF9A26A88E3C00F1B76F /* Utilities */ = {
			isa = PBXGroup;
			children = (
				8F4FEF9B26A88E5F00F1B76F /* Bindable.swift */,
				8F4FEFA626A8A01600F1B76F /* Constants.swift */,
			);
			path = Utilities;
			sourceTree = "<group>";
		};
		8F4FEF9F26A8915800F1B76F /* Extensions */ = {
			isa = PBXGroup;
			children = (
				8F4FEFA426A893BD00F1B76F /* UITableView+Ext.swift */,
				8FD8B3C726A9D47C004740A5 /* UIImageView+Ext.swift */,
				8FD8B3C926A9E5C2004740A5 /* String+Ext.swift */,
			);
			path = Extensions;
			sourceTree = "<group>";
		};
/* End PBXGroup section */

/* Begin PBXNativeTarget section */
		8F4FEF7126A84B0B00F1B76F /* WTest-Primary */ = {
			isa = PBXNativeTarget;
			buildConfigurationList = 8F4FEF8626A84B0C00F1B76F /* Build configuration list for PBXNativeTarget "WTest-Primary" */;
			buildPhases = (
				8F4FEF6E26A84B0B00F1B76F /* Sources */,
				8F4FEF6F26A84B0B00F1B76F /* Frameworks */,
				8F4FEF7026A84B0B00F1B76F /* Resources */,
			);
			buildRules = (
			);
			dependencies = (
			);
			name = "WTest-Primary";
			productName = WTest;
			productReference = 8F4FEF7226A84B0B00F1B76F /* WTest-Primary.app */;
			productType = "com.apple.product-type.application";
		};
		8F563FE626AB2147008FA698 /* WTest-Secondary */ = {
			isa = PBXNativeTarget;
			buildConfigurationList = 8F56400526AB2147008FA698 /* Build configuration list for PBXNativeTarget "WTest-Secondary" */;
			buildPhases = (
				8F563FE726AB2147008FA698 /* Sources */,
				8F56400126AB2147008FA698 /* Frameworks */,
				8F56400226AB2147008FA698 /* Resources */,
			);
			buildRules = (
			);
			dependencies = (
			);
			name = "WTest-Secondary";
			productName = WTest;
			productReference = 8F56400826AB2147008FA698 /* WTest-Secondary.app */;
			productType = "com.apple.product-type.application";
		};
/* End PBXNativeTarget section */

/* Begin PBXProject section */
		8F4FEF6A26A84B0B00F1B76F /* Project object */ = {
			isa = PBXProject;
			attributes = {
				LastSwiftUpdateCheck = 1250;
				LastUpgradeCheck = 1250;
				TargetAttributes = {
					8F4FEF7126A84B0B00F1B76F = {
						CreatedOnToolsVersion = 12.5.1;
					};
				};
			};
			buildConfigurationList = 8F4FEF6D26A84B0B00F1B76F /* Build configuration list for PBXProject "WTest" */;
			compatibilityVersion = "Xcode 9.3";
			developmentRegion = en;
			hasScannedForEncodings = 0;
			knownRegions = (
				en,
				Base,
			);
			mainGroup = 8F4FEF6926A84B0B00F1B76F;
			productRefGroup = 8F4FEF7326A84B0B00F1B76F /* Products */;
			projectDirPath = "";
			projectRoot = "";
			targets = (
				8F4FEF7126A84B0B00F1B76F /* WTest-Primary */,
				8F563FE626AB2147008FA698 /* WTest-Secondary */,
			);
		};
/* End PBXProject section */

/* Begin PBXResourcesBuildPhase section */
		8F4FEF7026A84B0B00F1B76F /* Resources */ = {
			isa = PBXResourcesBuildPhase;
			buildActionMask = 2147483647;
			files = (
				8F4FEF8226A84B0C00F1B76F /* LaunchScreen.storyboard in Resources */,
				8F4FEF7F26A84B0C00F1B76F /* Assets.xcassets in Resources */,
			);
			runOnlyForDeploymentPostprocessing = 0;
		};
		8F56400226AB2147008FA698 /* Resources */ = {
			isa = PBXResourcesBuildPhase;
			buildActionMask = 2147483647;
			files = (
				8F56400326AB2147008FA698 /* LaunchScreen.storyboard in Resources */,
				8F56400426AB2147008FA698 /* Assets.xcassets in Resources */,
			);
			runOnlyForDeploymentPostprocessing = 0;
		};
/* End PBXResourcesBuildPhase section */

/* Begin PBXSourcesBuildPhase section */
		8F4FEF6E26A84B0B00F1B76F /* Sources */ = {
			isa = PBXSourcesBuildPhase;
			buildActionMask = 2147483647;
			files = (
				8FD8B3D426AAC361004740A5 /* FormViewModel.swift in Sources */,
				8F4FEF7626A84B0B00F1B76F /* AppDelegate.swift in Sources */,
				8FD8B3BC26A9A1C5004740A5 /* Articles.swift in Sources */,
				8F56401126AB3C08008FA698 /* Comment.swift in Sources */,
				8F4FEFA926A8DEF900F1B76F /* TabBarController.swift in Sources */,
				8F4FEF7826A84B0B00F1B76F /* SceneDelegate.swift in Sources */,
				8F4FEF9126A8710100F1B76F /* ZipCode.swift in Sources */,
				8FD8B3BE26A9A2DB004740A5 /* ArticlesViewModel.swift in Sources */,
				8FD8B3CE26A9F024004740A5 /* FormViewController.swift in Sources */,
				8FD8B3C826A9D47D004740A5 /* UIImageView+Ext.swift in Sources */,
				8F4FEFA326A8931900F1B76F /* ZipCodeTableViewCell.swift in Sources */,
				8F4FEF8C26A86CC400F1B76F /* FileManagerService.swift in Sources */,
				8F4FEFAB26A8E26200F1B76F /* ArticlesTableViewController.swift in Sources */,
				8FD8B3D026A9F776004740A5 /* TextFieldView.swift in Sources */,
				8F56401426AB3E35008FA698 /* CommentsTableViewCell.swift in Sources */,
				8F4FEF9526A884B700F1B76F /* ZipCpdeViewModel.swift in Sources */,
				8F56400E26AB3B95008FA698 /* ArticleDetailViewModel.swift in Sources */,
				8FD8B3C426A9D033004740A5 /* ArticleDetailTableViewController.swift in Sources */,
				8FD8B3C026A9A5F4004740A5 /* ArticleTableViewCell.swift in Sources */,
				8F56400B26AB250D008FA698 /* Endpoint.swift in Sources */,
				8F4FEF9726A8864800F1B76F /* NetworkService.swift in Sources */,
				8F4FEF9326A87A7800F1B76F /* CSVParserService.swift in Sources */,
				8FD8B3C626A9D220004740A5 /* ArticleDetailTableViewCell.swift in Sources */,
				8F4FEFA526A893BD00F1B76F /* UITableView+Ext.swift in Sources */,
				8FD8B3CA26A9E5C2004740A5 /* String+Ext.swift in Sources */,
				8F4FEF9E26A890EB00F1B76F /* ZipCodeTableViewController.swift in Sources */,
				8F4FEF9C26A88E5F00F1B76F /* Bindable.swift in Sources */,
				8F4FEFA726A8A01600F1B76F /* Constants.swift in Sources */,
				8FD8B3C226A9CE3E004740A5 /* StretchyHeaderView.swift in Sources */,
			);
			runOnlyForDeploymentPostprocessing = 0;
		};
		8F563FE726AB2147008FA698 /* Sources */ = {
			isa = PBXSourcesBuildPhase;
			buildActionMask = 2147483647;
			files = (
				8F563FE826AB2147008FA698 /* FormViewModel.swift in Sources */,
				8F563FE926AB2147008FA698 /* AppDelegate.swift in Sources */,
				8F563FEA26AB2147008FA698 /* Articles.swift in Sources */,
				8F56401226AB3C08008FA698 /* Comment.swift in Sources */,
				8F563FEB26AB2147008FA698 /* TabBarController.swift in Sources */,
				8F563FEC26AB2147008FA698 /* SceneDelegate.swift in Sources */,
				8F563FED26AB2147008FA698 /* ZipCode.swift in Sources */,
				8F563FEE26AB2147008FA698 /* ArticlesViewModel.swift in Sources */,
				8F563FEF26AB2147008FA698 /* FormViewController.swift in Sources */,
				8F563FF026AB2147008FA698 /* UIImageView+Ext.swift in Sources */,
				8F563FF126AB2147008FA698 /* ZipCodeTableViewCell.swift in Sources */,
				8F563FF226AB2147008FA698 /* FileManagerService.swift in Sources */,
				8F563FF326AB2147008FA698 /* ArticlesTableViewController.swift in Sources */,
				8F563FF426AB2147008FA698 /* TextFieldView.swift in Sources */,
				8F56401526AB3E35008FA698 /* CommentsTableViewCell.swift in Sources */,
				8F563FF526AB2147008FA698 /* ZipCpdeViewModel.swift in Sources */,
				8F56400F26AB3B95008FA698 /* ArticleDetailViewModel.swift in Sources */,
				8F563FF626AB2147008FA698 /* ArticleDetailTableViewController.swift in Sources */,
				8F563FF726AB2147008FA698 /* ArticleTableViewCell.swift in Sources */,
				8F56400C26AB250D008FA698 /* Endpoint.swift in Sources */,
				8F563FF826AB2147008FA698 /* NetworkService.swift in Sources */,
				8F563FF926AB2147008FA698 /* CSVParserService.swift in Sources */,
				8F563FFA26AB2147008FA698 /* ArticleDetailTableViewCell.swift in Sources */,
				8F563FFB26AB2147008FA698 /* UITableView+Ext.swift in Sources */,
				8F563FFC26AB2147008FA698 /* String+Ext.swift in Sources */,
				8F563FFD26AB2147008FA698 /* ZipCodeTableViewController.swift in Sources */,
				8F563FFE26AB2147008FA698 /* Bindable.swift in Sources */,
				8F563FFF26AB2147008FA698 /* Constants.swift in Sources */,
				8F56400026AB2147008FA698 /* StretchyHeaderView.swift in Sources */,
			);
			runOnlyForDeploymentPostprocessing = 0;
		};
/* End PBXSourcesBuildPhase section */

/* Begin PBXVariantGroup section */
		8F4FEF8026A84B0C00F1B76F /* LaunchScreen.storyboard */ = {
			isa = PBXVariantGroup;
			children = (
				8F4FEF8126A84B0C00F1B76F /* Base */,
			);
			name = LaunchScreen.storyboard;
			sourceTree = "<group>";
		};
/* End PBXVariantGroup section */

/* Begin XCBuildConfiguration section */
		8F4FEF8426A84B0C00F1B76F /* Debug */ = {
			isa = XCBuildConfiguration;
			buildSettings = {
				ALWAYS_SEARCH_USER_PATHS = NO;
				CLANG_ANALYZER_NONNULL = YES;
				CLANG_ANALYZER_NUMBER_OBJECT_CONVERSION = YES_AGGRESSIVE;
				CLANG_CXX_LANGUAGE_STANDARD = "gnu++14";
				CLANG_CXX_LIBRARY = "libc++";
				CLANG_ENABLE_MODULES = YES;
				CLANG_ENABLE_OBJC_ARC = YES;
				CLANG_ENABLE_OBJC_WEAK = YES;
				CLANG_WARN_BLOCK_CAPTURE_AUTORELEASING = YES;
				CLANG_WARN_BOOL_CONVERSION = YES;
				CLANG_WARN_COMMA = YES;
				CLANG_WARN_CONSTANT_CONVERSION = YES;
				CLANG_WARN_DEPRECATED_OBJC_IMPLEMENTATIONS = YES;
				CLANG_WARN_DIRECT_OBJC_ISA_USAGE = YES_ERROR;
				CLANG_WARN_DOCUMENTATION_COMMENTS = YES;
				CLANG_WARN_EMPTY_BODY = YES;
				CLANG_WARN_ENUM_CONVERSION = YES;
				CLANG_WARN_INFINITE_RECURSION = YES;
				CLANG_WARN_INT_CONVERSION = YES;
				CLANG_WARN_NON_LITERAL_NULL_CONVERSION = YES;
				CLANG_WARN_OBJC_IMPLICIT_RETAIN_SELF = YES;
				CLANG_WARN_OBJC_LITERAL_CONVERSION = YES;
				CLANG_WARN_OBJC_ROOT_CLASS = YES_ERROR;
				CLANG_WARN_QUOTED_INCLUDE_IN_FRAMEWORK_HEADER = YES;
				CLANG_WARN_RANGE_LOOP_ANALYSIS = YES;
				CLANG_WARN_STRICT_PROTOTYPES = YES;
				CLANG_WARN_SUSPICIOUS_MOVE = YES;
				CLANG_WARN_UNGUARDED_AVAILABILITY = YES_AGGRESSIVE;
				CLANG_WARN_UNREACHABLE_CODE = YES;
				CLANG_WARN__DUPLICATE_METHOD_MATCH = YES;
				COPY_PHASE_STRIP = NO;
				DEBUG_INFORMATION_FORMAT = dwarf;
				ENABLE_STRICT_OBJC_MSGSEND = YES;
				ENABLE_TESTABILITY = YES;
				GCC_C_LANGUAGE_STANDARD = gnu11;
				GCC_DYNAMIC_NO_PIC = NO;
				GCC_NO_COMMON_BLOCKS = YES;
				GCC_OPTIMIZATION_LEVEL = 0;
				GCC_PREPROCESSOR_DEFINITIONS = (
					"DEBUG=1",
					"$(inherited)",
				);
				GCC_WARN_64_TO_32_BIT_CONVERSION = YES;
				GCC_WARN_ABOUT_RETURN_TYPE = YES_ERROR;
				GCC_WARN_UNDECLARED_SELECTOR = YES;
				GCC_WARN_UNINITIALIZED_AUTOS = YES_AGGRESSIVE;
				GCC_WARN_UNUSED_FUNCTION = YES;
				GCC_WARN_UNUSED_VARIABLE = YES;
				IPHONEOS_DEPLOYMENT_TARGET = 14.5;
				MTL_ENABLE_DEBUG_INFO = INCLUDE_SOURCE;
				MTL_FAST_MATH = YES;
				ONLY_ACTIVE_ARCH = YES;
				SDKROOT = iphoneos;
				SWIFT_ACTIVE_COMPILATION_CONDITIONS = DEBUG;
				SWIFT_OPTIMIZATION_LEVEL = "-Onone";
			};
			name = Debug;
		};
		8F4FEF8526A84B0C00F1B76F /* Release */ = {
			isa = XCBuildConfiguration;
			buildSettings = {
				ALWAYS_SEARCH_USER_PATHS = NO;
				CLANG_ANALYZER_NONNULL = YES;
				CLANG_ANALYZER_NUMBER_OBJECT_CONVERSION = YES_AGGRESSIVE;
				CLANG_CXX_LANGUAGE_STANDARD = "gnu++14";
				CLANG_CXX_LIBRARY = "libc++";
				CLANG_ENABLE_MODULES = YES;
				CLANG_ENABLE_OBJC_ARC = YES;
				CLANG_ENABLE_OBJC_WEAK = YES;
				CLANG_WARN_BLOCK_CAPTURE_AUTORELEASING = YES;
				CLANG_WARN_BOOL_CONVERSION = YES;
				CLANG_WARN_COMMA = YES;
				CLANG_WARN_CONSTANT_CONVERSION = YES;
				CLANG_WARN_DEPRECATED_OBJC_IMPLEMENTATIONS = YES;
				CLANG_WARN_DIRECT_OBJC_ISA_USAGE = YES_ERROR;
				CLANG_WARN_DOCUMENTATION_COMMENTS = YES;
				CLANG_WARN_EMPTY_BODY = YES;
				CLANG_WARN_ENUM_CONVERSION = YES;
				CLANG_WARN_INFINITE_RECURSION = YES;
				CLANG_WARN_INT_CONVERSION = YES;
				CLANG_WARN_NON_LITERAL_NULL_CONVERSION = YES;
				CLANG_WARN_OBJC_IMPLICIT_RETAIN_SELF = YES;
				CLANG_WARN_OBJC_LITERAL_CONVERSION = YES;
				CLANG_WARN_OBJC_ROOT_CLASS = YES_ERROR;
				CLANG_WARN_QUOTED_INCLUDE_IN_FRAMEWORK_HEADER = YES;
				CLANG_WARN_RANGE_LOOP_ANALYSIS = YES;
				CLANG_WARN_STRICT_PROTOTYPES = YES;
				CLANG_WARN_SUSPICIOUS_MOVE = YES;
				CLANG_WARN_UNGUARDED_AVAILABILITY = YES_AGGRESSIVE;
				CLANG_WARN_UNREACHABLE_CODE = YES;
				CLANG_WARN__DUPLICATE_METHOD_MATCH = YES;
				COPY_PHASE_STRIP = NO;
				DEBUG_INFORMATION_FORMAT = "dwarf-with-dsym";
				ENABLE_NS_ASSERTIONS = NO;
				ENABLE_STRICT_OBJC_MSGSEND = YES;
				GCC_C_LANGUAGE_STANDARD = gnu11;
				GCC_NO_COMMON_BLOCKS = YES;
				GCC_WARN_64_TO_32_BIT_CONVERSION = YES;
				GCC_WARN_ABOUT_RETURN_TYPE = YES_ERROR;
				GCC_WARN_UNDECLARED_SELECTOR = YES;
				GCC_WARN_UNINITIALIZED_AUTOS = YES_AGGRESSIVE;
				GCC_WARN_UNUSED_FUNCTION = YES;
				GCC_WARN_UNUSED_VARIABLE = YES;
				IPHONEOS_DEPLOYMENT_TARGET = 14.5;
				MTL_ENABLE_DEBUG_INFO = NO;
				MTL_FAST_MATH = YES;
				SDKROOT = iphoneos;
				SWIFT_COMPILATION_MODE = wholemodule;
				SWIFT_OPTIMIZATION_LEVEL = "-O";
				VALIDATE_PRODUCT = YES;
			};
			name = Release;
		};
		8F4FEF8726A84B0C00F1B76F /* Debug */ = {
			isa = XCBuildConfiguration;
			buildSettings = {
				ASSETCATALOG_COMPILER_APPICON_NAME = AppIcon;
				ASSETCATALOG_COMPILER_GLOBAL_ACCENT_COLOR_NAME = AccentColor;
				CODE_SIGN_STYLE = Automatic;
				DEVELOPMENT_TEAM = C8CWPZXDG8;
				INFOPLIST_FILE = WTest/Info.plist;
				LD_RUNPATH_SEARCH_PATHS = (
					"$(inherited)",
					"@executable_path/Frameworks",
				);
				OTHER_SWIFT_FLAGS = "-D PRIMARY";
				PRODUCT_BUNDLE_IDENTIFIER = com.codableme.WTest;
				PRODUCT_NAME = "$(TARGET_NAME)";
				SWIFT_VERSION = 5.0;
				TARGETED_DEVICE_FAMILY = "1,2";
			};
			name = Debug;
		};
		8F4FEF8826A84B0C00F1B76F /* Release */ = {
			isa = XCBuildConfiguration;
			buildSettings = {
				ASSETCATALOG_COMPILER_APPICON_NAME = AppIcon;
				ASSETCATALOG_COMPILER_GLOBAL_ACCENT_COLOR_NAME = AccentColor;
				CODE_SIGN_STYLE = Automatic;
				DEVELOPMENT_TEAM = C8CWPZXDG8;
				INFOPLIST_FILE = WTest/Info.plist;
				LD_RUNPATH_SEARCH_PATHS = (
					"$(inherited)",
					"@executable_path/Frameworks",
				);
				OTHER_SWIFT_FLAGS = "-D PRIMARY";
				PRODUCT_BUNDLE_IDENTIFIER = com.codableme.WTest;
				PRODUCT_NAME = "$(TARGET_NAME)";
				SWIFT_VERSION = 5.0;
				TARGETED_DEVICE_FAMILY = "1,2";
			};
			name = Release;
		};
		8F56400626AB2147008FA698 /* Debug */ = {
			isa = XCBuildConfiguration;
			buildSettings = {
				ASSETCATALOG_COMPILER_APPICON_NAME = AppIcon;
				ASSETCATALOG_COMPILER_GLOBAL_ACCENT_COLOR_NAME = AccentColor;
				CODE_SIGN_STYLE = Automatic;
				DEVELOPMENT_TEAM = C8CWPZXDG8;
				INFOPLIST_FILE = "WTest/WTest-Secondary-Info.plist";
				LD_RUNPATH_SEARCH_PATHS = (
					"$(inherited)",
					"@executable_path/Frameworks",
				);
				OTHER_SWIFT_FLAGS = "-D SECONDARY";
				PRODUCT_BUNDLE_IDENTIFIER = com.codableme.WTest;
				PRODUCT_NAME = "$(TARGET_NAME)";
				SWIFT_VERSION = 5.0;
				TARGETED_DEVICE_FAMILY = "1,2";
			};
			name = Debug;
		};
		8F56400726AB2147008FA698 /* Release */ = {
			isa = XCBuildConfiguration;
			buildSettings = {
				ASSETCATALOG_COMPILER_APPICON_NAME = AppIcon;
				ASSETCATALOG_COMPILER_GLOBAL_ACCENT_COLOR_NAME = AccentColor;
				CODE_SIGN_STYLE = Automatic;
				DEVELOPMENT_TEAM = C8CWPZXDG8;
				INFOPLIST_FILE = "WTest/WTest-Secondary-Info.plist";
				LD_RUNPATH_SEARCH_PATHS = (
					"$(inherited)",
					"@executable_path/Frameworks",
				);
				OTHER_SWIFT_FLAGS = "-D SECONDARY";
				PRODUCT_BUNDLE_IDENTIFIER = com.codableme.WTest;
				PRODUCT_NAME = "$(TARGET_NAME)";
				SWIFT_VERSION = 5.0;
				TARGETED_DEVICE_FAMILY = "1,2";
			};
			name = Release;
		};
/* End XCBuildConfiguration section */

/* Begin XCConfigurationList section */
		8F4FEF6D26A84B0B00F1B76F /* Build configuration list for PBXProject "WTest" */ = {
			isa = XCConfigurationList;
			buildConfigurations = (
				8F4FEF8426A84B0C00F1B76F /* Debug */,
				8F4FEF8526A84B0C00F1B76F /* Release */,
			);
			defaultConfigurationIsVisible = 0;
			defaultConfigurationName = Release;
		};
		8F4FEF8626A84B0C00F1B76F /* Build configuration list for PBXNativeTarget "WTest-Primary" */ = {
			isa = XCConfigurationList;
			buildConfigurations = (
				8F4FEF8726A84B0C00F1B76F /* Debug */,
				8F4FEF8826A84B0C00F1B76F /* Release */,
			);
			defaultConfigurationIsVisible = 0;
			defaultConfigurationName = Release;
		};
		8F56400526AB2147008FA698 /* Build configuration list for PBXNativeTarget "WTest-Secondary" */ = {
			isa = XCConfigurationList;
			buildConfigurations = (
				8F56400626AB2147008FA698 /* Debug */,
				8F56400726AB2147008FA698 /* Release */,
			);
			defaultConfigurationIsVisible = 0;
			defaultConfigurationName = Release;
		};
/* End XCConfigurationList section */
	};
	rootObject = 8F4FEF6A26A84B0B00F1B76F /* Project object */;
}
